
Microsoft Visual Studio Solution File, Format Version 12.00
# Visual Studio Version 16
VisualStudioVersion = 16.0.29924.181
MinimumVisualStudioVersion = 10.0.40219.1
Project("{FAE04EC0-301F-11D3-BF4B-00C04F79EFBC}") = "rest-api", "rest-api\rest-api.csproj", "{8137FFA3-38B7-4FE6-BDB1-8E9701DAD37D}"
EndProject
Global
	GlobalSection(SolutionConfigurationPlatforms) = preSolution
		Debug|Any CPU = Debug|Any CPU
		Release|Any CPU = Release|Any CPU
	EndGlobalSection
	GlobalSection(ProjectConfigurationPlatforms) = postSolution
		{8137FFA3-38B7-4FE6-BDB1-8E9701DAD37D}.Debug|Any CPU.ActiveCfg = Debug|Any CPU
		{8137FFA3-38B7-4FE6-BDB1-8E9701DAD37D}.Debug|Any CPU.Build.0 = Debug|Any CPU
		{8137FFA3-38B7-4FE6-BDB1-8E9701DAD37D}.Release|Any CPU.ActiveCfg = Release|Any CPU
		{8137FFA3-38B7-4FE6-BDB1-8E9701DAD37D}.Release|Any CPU.Build.0 = Release|Any CPU
	EndGlobalSection
	GlobalSection(SolutionProperties) = preSolution
		HideSolutionNode = FALSE
	EndGlobalSection
	GlobalSection(ExtensibilityGlobals) = postSolution
		SolutionGuid = {99ACE737-6ECE-408B-8362-0CF3070A3C68}
	EndGlobalSection
EndGlobal
